
Microsoft Visual Studio Solution File, Format Version 12.00
# Visual Studio Version 16
VisualStudioVersion = 16.0.30406.217
MinimumVisualStudioVersion = 10.0.40219.1
Project("{FAE04EC0-301F-11D3-BF4B-00C04F79EFBC}") = "FirstWindFormProgram", "FirstWindFormProgram\FirstWindFormProgram.csproj", "{52DB52A7-02D2-45DB-9833-34FA00431545}"
EndProject
Global
	GlobalSection(SolutionConfigurationPlatforms) = preSolution
		Debug|Any CPU = Debug|Any CPU
		Release|Any CPU = Release|Any CPU
	EndGlobalSection
	GlobalSection(ProjectConfigurationPlatforms) = postSolution
		{52DB52A7-02D2-45DB-9833-34FA00431545}.Debug|Any CPU.ActiveCfg = Debug|Any CPU
		{52DB52A7-02D2-45DB-9833-34FA00431545}.Debug|Any CPU.Build.0 = Debug|Any CPU
		{52DB52A7-02D2-45DB-9833-34FA00431545}.Release|Any CPU.ActiveCfg = Release|Any CPU
		{52DB52A7-02D2-45DB-9833-34FA00431545}.Release|Any CPU.Build.0 = Release|Any CPU
	EndGlobalSection
	GlobalSection(SolutionProperties) = preSolution
		HideSolutionNode = FALSE
	EndGlobalSection
	GlobalSection(ExtensibilityGlobals) = postSolution
		SolutionGuid = {EDB4E560-03D1-490C-8E17-AE09BF11531A}
	EndGlobalSection
EndGlobal
